
Microsoft Visual Studio Solution File, Format Version 12.00
# Visual Studio Version 16
VisualStudioVersion = 16.0.29123.88
MinimumVisualStudioVersion = 10.0.40219.1
Project("{9A19103F-16F7-4668-BE54-9A1E7A4F7556}") = "AnimalCentre", "AnimalCentre\AnimalCentre.csproj", "{39721053-6EAB-446F-8E54-AA8D450BC55B}"
EndProject
Global
	GlobalSection(SolutionConfigurationPlatforms) = preSolution
		Debug|Any CPU = Debug|Any CPU
		Release|Any CPU = Release|Any CPU
	EndGlobalSection
	GlobalSection(ProjectConfigurationPlatforms) = postSolution
		{39721053-6EAB-446F-8E54-AA8D450BC55B}.Debug|Any CPU.ActiveCfg = Debug|Any CPU
		{39721053-6EAB-446F-8E54-AA8D450BC55B}.Debug|Any CPU.Build.0 = Debug|Any CPU
		{39721053-6EAB-446F-8E54-AA8D450BC55B}.Release|Any CPU.ActiveCfg = Release|Any CPU
		{39721053-6EAB-446F-8E54-AA8D450BC55B}.Release|Any CPU.Build.0 = Release|Any CPU
	EndGlobalSection
	GlobalSection(SolutionProperties) = preSolution
		HideSolutionNode = FALSE
	EndGlobalSection
	GlobalSection(ExtensibilityGlobals) = postSolution
		SolutionGuid = {78866693-60A2-46AF-A04F-778FB447D541}
	EndGlobalSection
EndGlobal
