
Microsoft Visual Studio Solution File, Format Version 12.00
# Visual Studio Version 16
VisualStudioVersion = 16.0.31605.320
MinimumVisualStudioVersion = 10.0.40219.1
Project("{9A19103F-16F7-4668-BE54-9A1E7A4F7556}") = "1.Vehicles", "1.Vehicles\1.Vehicles.csproj", "{74E63678-9395-4565-8179-B86D24FD8B60}"
EndProject
Project("{9A19103F-16F7-4668-BE54-9A1E7A4F7556}") = "2.Vehicles_Extension", "2.Vehicles_Extension\2.Vehicles_Extension.csproj", "{0427C7E5-5144-4480-992C-06F9CA3E8EA9}"
EndProject
Project("{9A19103F-16F7-4668-BE54-9A1E7A4F7556}") = "3.Raiding", "3.Raiding\3.Raiding.csproj", "{BFA2E47C-9B04-4F9E-842F-A5977B69ED96}"
EndProject
Global
	GlobalSection(SolutionConfigurationPlatforms) = preSolution
		Debug|Any CPU = Debug|Any CPU
		Release|Any CPU = Release|Any CPU
	EndGlobalSection
	GlobalSection(ProjectConfigurationPlatforms) = postSolution
		{74E63678-9395-4565-8179-B86D24FD8B60}.Debug|Any CPU.ActiveCfg = Debug|Any CPU
		{74E63678-9395-4565-8179-B86D24FD8B60}.Debug|Any CPU.Build.0 = Debug|Any CPU
		{74E63678-9395-4565-8179-B86D24FD8B60}.Release|Any CPU.ActiveCfg = Release|Any CPU
		{74E63678-9395-4565-8179-B86D24FD8B60}.Release|Any CPU.Build.0 = Release|Any CPU
		{0427C7E5-5144-4480-992C-06F9CA3E8EA9}.Debug|Any CPU.ActiveCfg = Debug|Any CPU
		{0427C7E5-5144-4480-992C-06F9CA3E8EA9}.Debug|Any CPU.Build.0 = Debug|Any CPU
		{0427C7E5-5144-4480-992C-06F9CA3E8EA9}.Release|Any CPU.ActiveCfg = Release|Any CPU
		{0427C7E5-5144-4480-992C-06F9CA3E8EA9}.Release|Any CPU.Build.0 = Release|Any CPU
		{BFA2E47C-9B04-4F9E-842F-A5977B69ED96}.Debug|Any CPU.ActiveCfg = Debug|Any CPU
		{BFA2E47C-9B04-4F9E-842F-A5977B69ED96}.Debug|Any CPU.Build.0 = Debug|Any CPU
		{BFA2E47C-9B04-4F9E-842F-A5977B69ED96}.Release|Any CPU.ActiveCfg = Release|Any CPU
		{BFA2E47C-9B04-4F9E-842F-A5977B69ED96}.Release|Any CPU.Build.0 = Release|Any CPU
	EndGlobalSection
	GlobalSection(SolutionProperties) = preSolution
		HideSolutionNode = FALSE
	EndGlobalSection
	GlobalSection(ExtensibilityGlobals) = postSolution
		SolutionGuid = {9E300812-A968-4DB1-BB82-1902811E5A18}
	EndGlobalSection
EndGlobal
