
Microsoft Visual Studio Solution File, Format Version 12.00
# Visual Studio Version 16
VisualStudioVersion = 16.0.31605.320
MinimumVisualStudioVersion = 10.0.40219.1
Project("{9A19103F-16F7-4668-BE54-9A1E7A4F7556}") = "Skeleton", "Skeleton\Skeleton.csproj", "{51678872-FB5B-47A0-9767-61A22399178E}"
EndProject
Project("{9A19103F-16F7-4668-BE54-9A1E7A4F7556}") = "Skeleton.Tests", "Skeleton.Tests\Skeleton.Tests.csproj", "{78BD0946-C803-49C1-AFFB-CD6B946F28C9}"
EndProject
Global
	GlobalSection(SolutionConfigurationPlatforms) = preSolution
		Debug|Any CPU = Debug|Any CPU
		Release|Any CPU = Release|Any CPU
	EndGlobalSection
	GlobalSection(ProjectConfigurationPlatforms) = postSolution
		{51678872-FB5B-47A0-9767-61A22399178E}.Debug|Any CPU.ActiveCfg = Debug|Any CPU
		{51678872-FB5B-47A0-9767-61A22399178E}.Debug|Any CPU.Build.0 = Debug|Any CPU
		{51678872-FB5B-47A0-9767-61A22399178E}.Release|Any CPU.ActiveCfg = Release|Any CPU
		{51678872-FB5B-47A0-9767-61A22399178E}.Release|Any CPU.Build.0 = Release|Any CPU
		{78BD0946-C803-49C1-AFFB-CD6B946F28C9}.Debug|Any CPU.ActiveCfg = Debug|Any CPU
		{78BD0946-C803-49C1-AFFB-CD6B946F28C9}.Debug|Any CPU.Build.0 = Debug|Any CPU
		{78BD0946-C803-49C1-AFFB-CD6B946F28C9}.Release|Any CPU.ActiveCfg = Release|Any CPU
		{78BD0946-C803-49C1-AFFB-CD6B946F28C9}.Release|Any CPU.Build.0 = Release|Any CPU
	EndGlobalSection
	GlobalSection(SolutionProperties) = preSolution
		HideSolutionNode = FALSE
	EndGlobalSection
	GlobalSection(ExtensibilityGlobals) = postSolution
		SolutionGuid = {7CDE628C-6188-4DC2-9D31-F87689A8DBE4}
	EndGlobalSection
EndGlobal
##
