
Microsoft Visual Studio Solution File, Format Version 12.00
# Visual Studio Version 16
VisualStudioVersion = 16.0.31605.320
MinimumVisualStudioVersion = 10.0.40219.1
Project("{9A19103F-16F7-4668-BE54-9A1E7A4F7556}") = "Chainblock", "Chainblock\Chainblock.csproj", "{3C8121F5-92D2-4340-966A-A6FF89A831B4}"
EndProject
Project("{9A19103F-16F7-4668-BE54-9A1E7A4F7556}") = "Chainblock.Tests", "Chainblock.Tests\Chainblock.Tests.csproj", "{B9315226-9795-4D62-8323-4F1CE643B42A}"
EndProject
Global
	GlobalSection(SolutionConfigurationPlatforms) = preSolution
		Debug|Any CPU = Debug|Any CPU
		Release|Any CPU = Release|Any CPU
	EndGlobalSection
	GlobalSection(ProjectConfigurationPlatforms) = postSolution
		{3C8121F5-92D2-4340-966A-A6FF89A831B4}.Debug|Any CPU.ActiveCfg = Debug|Any CPU
		{3C8121F5-92D2-4340-966A-A6FF89A831B4}.Debug|Any CPU.Build.0 = Debug|Any CPU
		{3C8121F5-92D2-4340-966A-A6FF89A831B4}.Release|Any CPU.ActiveCfg = Release|Any CPU
		{3C8121F5-92D2-4340-966A-A6FF89A831B4}.Release|Any CPU.Build.0 = Release|Any CPU
		{B9315226-9795-4D62-8323-4F1CE643B42A}.Debug|Any CPU.ActiveCfg = Debug|Any CPU
		{B9315226-9795-4D62-8323-4F1CE643B42A}.Debug|Any CPU.Build.0 = Debug|Any CPU
		{B9315226-9795-4D62-8323-4F1CE643B42A}.Release|Any CPU.ActiveCfg = Release|Any CPU
		{B9315226-9795-4D62-8323-4F1CE643B42A}.Release|Any CPU.Build.0 = Release|Any CPU
	EndGlobalSection
	GlobalSection(SolutionProperties) = preSolution
		HideSolutionNode = FALSE
	EndGlobalSection
	GlobalSection(ExtensibilityGlobals) = postSolution
		SolutionGuid = {4F247613-60E1-4351-8D59-FF19DE562920}
	EndGlobalSection
EndGlobal
