
Microsoft Visual Studio Solution File, Format Version 12.00
# Visual Studio Version 16
VisualStudioVersion = 16.0.29201.188
MinimumVisualStudioVersion = 10.0.40219.1
Project("{FAE04EC0-301F-11D3-BF4B-00C04F79EFBC}") = "Minedraft", "Minedraft\Minedraft.csproj", "{14722886-335E-4EE1-8AC7-5FF2ABCC9A3E}"
EndProject
Global
	GlobalSection(SolutionConfigurationPlatforms) = preSolution
		Debug|Any CPU = Debug|Any CPU
		Release|Any CPU = Release|Any CPU
	EndGlobalSection
	GlobalSection(ProjectConfigurationPlatforms) = postSolution
		{14722886-335E-4EE1-8AC7-5FF2ABCC9A3E}.Debug|Any CPU.ActiveCfg = Debug|Any CPU
		{14722886-335E-4EE1-8AC7-5FF2ABCC9A3E}.Debug|Any CPU.Build.0 = Debug|Any CPU
		{14722886-335E-4EE1-8AC7-5FF2ABCC9A3E}.Release|Any CPU.ActiveCfg = Release|Any CPU
		{14722886-335E-4EE1-8AC7-5FF2ABCC9A3E}.Release|Any CPU.Build.0 = Release|Any CPU
	EndGlobalSection
	GlobalSection(SolutionProperties) = preSolution
		HideSolutionNode = FALSE
	EndGlobalSection
	GlobalSection(ExtensibilityGlobals) = postSolution
		SolutionGuid = {441CEA42-566C-46DD-933E-75846ADB16D1}
	EndGlobalSection
EndGlobal
